dependencies:
  detect-indent: 6.0.0
  kleur: 3.0.3
  recrawl: 1.2.2
  sade: 1.6.0
devDependencies:
  prettier: 1.18.2
lockfileVersion: 5
packages:
  /@cush/relative/0.1.0:
    dev: false
    resolution:
      integrity: sha512-pnF2c2hhHyC520CmYYKq3hGOS0kipkGBgRnp3z7wx7lDzykaUwQW3wPQmiX9YtbHUcgUu1qQtzstixmeYMwQoA==
  /detect-indent/6.0.0:
    dev: false
    engines:
      node: '>=8'
    resolution:
      integrity: sha512-oSyFlqaTHCItVRGK5RmrmjB+CmaMOW7IaNA/kdxqhoa6d17j/5ce9O9eWXmV/KEdRwqpQA+Vqe8a8Bsybu4YnA==
  /glob-regex/0.3.2:
    dev: false
    resolution:
      integrity: sha512-m5blUd3/OqDTWwzBBtWBPrGlAzatRywHameHeekAZyZrskYouOGdNB8T/q6JucucvJXtOuyHIn0/Yia7iDasDw==
  /kleur/3.0.3:
    dev: false
    engines:
      node: '>=6'
    resolution:
      integrity: sha512-eTIzlVOSUR+JxdDFepEYcBMtZ9Qqdef+rnzWdRZuMbOywu5tO2w2N7rqjoANZ5k9vywhL6Br1VRjUIgTQx4E8w==
  /mri/1.1.4:
    dev: false
    engines:
      node: '>=4'
    resolution:
      integrity: sha512-6y7IjGPm8AzlvoUrwAaw1tLnUBudaS3752vcd8JtrpGGQn+rXIe63LFVHm/YMwtqAuh+LJPCFdlLYPWM1nYn6w==
  /prettier/1.18.2:
    dev: true
    engines:
      node: '>=4'
    hasBin: true
    resolution:
      integrity: sha512-OeHeMc0JhFE9idD4ZdtNibzY0+TPHSpSSb9h8FqtP+YnoZZ1sl8Vc9b1sasjfymH3SonAF4QcA2+mzHPhMvIiw==
  /recrawl/1.2.2:
    dependencies:
      '@cush/relative': 0.1.0
      glob-regex: 0.3.2
      tslib: 1.10.0
    dev: false
    resolution:
      integrity: sha512-zmFZLG8PVsprORNNYipY6VYv86W1NngIXmLIJAwM5mKq+avf4xbWzfPtGGFzIBbhpd1rP8LS63nG3aeXANeaJA==
  /sade/1.6.0:
    dependencies:
      mri: 1.1.4
    dev: false
    engines:
      node: '>= 6'
    resolution:
      integrity: sha512-+CwYHyNlf2QvglE8MJLg+DAXruhz1tg9LeztL2qDf1NZx0OR8Ij4CajM5NxgscggwG9ypQXvTQFXcaerBSLQgg==
  /tslib/1.10.0:
    dev: false
    resolution:
      integrity: sha512-qOebF53frne81cf0S9B41ByenJ3/IuH8yJKngAX35CmiZySA0khhkovshKK+jGCaMnVomla7gVlIcc3EvKPbTQ==
specifiers:
  detect-indent: ^6.0.0
  kleur: ^3.0.3
  prettier: ^1.18.2
  recrawl: ^1.2.2
  sade: ^1.6.0
